// !$*UTF8*$!
{
	archiveVersion = 1;
	classes = {
	};
	objectVersion = 56;
	objects = {

/* Begin PBXBuildFile section */
		6485A8122C05B4E100364094 /* AppDelegate.swift in Sources */ = {isa = PBXBuildFile; fileRef = 6485A8112C05B4E100364094 /* AppDelegate.swift */; };
		6485A8142C05B4E100364094 /* SceneDelegate.swift in Sources */ = {isa = PBXBuildFile; fileRef = 6485A8132C05B4E100364094 /* SceneDelegate.swift */; };
		6485A8162C05B4E100364094 /* RMTabBarViewController.swift in Sources */ = {isa = PBXBuildFile; fileRef = 6485A8152C05B4E100364094 /* RMTabBarViewController.swift */; };
		6485A81B2C05B4E300364094 /* Assets.xcassets in Resources */ = {isa = PBXBuildFile; fileRef = 6485A81A2C05B4E300364094 /* Assets.xcassets */; };
		6485A81E2C05B4E300364094 /* LaunchScreen.storyboard in Resources */ = {isa = PBXBuildFile; fileRef = 6485A81C2C05B4E300364094 /* LaunchScreen.storyboard */; };
		6485A82C2C05B61200364094 /* RMLocation.swift in Sources */ = {isa = PBXBuildFile; fileRef = 6485A82B2C05B61200364094 /* RMLocation.swift */; };
		6485A82E2C05B61A00364094 /* RMCharacter.swift in Sources */ = {isa = PBXBuildFile; fileRef = 6485A82D2C05B61A00364094 /* RMCharacter.swift */; };
		6485A8302C05B62600364094 /* RMEpisode.swift in Sources */ = {isa = PBXBuildFile; fileRef = 6485A82F2C05B62600364094 /* RMEpisode.swift */; };
		6485A83C2C05BBE200364094 /* RMCharacterViewController.swift in Sources */ = {isa = PBXBuildFile; fileRef = 6485A83B2C05BBE200364094 /* RMCharacterViewController.swift */; };
		6485A83E2C05BC0C00364094 /* RMEpisodeViewController.swift in Sources */ = {isa = PBXBuildFile; fileRef = 6485A83D2C05BC0C00364094 /* RMEpisodeViewController.swift */; };
		6485A8402C05BC1800364094 /* RMLocationViewController.swift in Sources */ = {isa = PBXBuildFile; fileRef = 6485A83F2C05BC1800364094 /* RMLocationViewController.swift */; };
		6485A8422C05BC2200364094 /* RMSettingViewController.swift in Sources */ = {isa = PBXBuildFile; fileRef = 6485A8412C05BC2200364094 /* RMSettingViewController.swift */; };
		6485A8442C05C71800364094 /* RMService.swift in Sources */ = {isa = PBXBuildFile; fileRef = 6485A8432C05C71800364094 /* RMService.swift */; };
		6485A8462C05C72100364094 /* RMRequest.swift in Sources */ = {isa = PBXBuildFile; fileRef = 6485A8452C05C72100364094 /* RMRequest.swift */; };
		6485A8482C05C7E400364094 /* RMEndpoint.swift in Sources */ = {isa = PBXBuildFile; fileRef = 6485A8472C05C7E400364094 /* RMEndpoint.swift */; };
		6488246E2C0EF2B7003C01A6 /* RMGetAllCharactersResponse.swift in Sources */ = {isa = PBXBuildFile; fileRef = 6488246D2C0EF2B7003C01A6 /* RMGetAllCharactersResponse.swift */; };
/* End PBXBuildFile section */

/* Begin PBXFileReference section */
		6485A80E2C05B4E100364094 /* RickAndMorthy.app */ = {isa = PBXFileReference; explicitFileType = wrapper.application; includeInIndex = 0; path = RickAndMorthy.app; sourceTree = BUILT_PRODUCTS_DIR; };
		6485A8112C05B4E100364094 /* AppDelegate.swift */ = {isa = PBXFileReference; lastKnownFileType = sourcecode.swift; path = AppDelegate.swift; sourceTree = "<group>"; };
		6485A8132C05B4E100364094 /* SceneDelegate.swift */ = {isa = PBXFileReference; lastKnownFileType = sourcecode.swift; path = SceneDelegate.swift; sourceTree = "<group>"; };
		6485A8152C05B4E100364094 /* RMTabBarViewController.swift */ = {isa = PBXFileReference; lastKnownFileType = sourcecode.swift; path = RMTabBarViewController.swift; sourceTree = "<group>"; };
		6485A81A2C05B4E300364094 /* Assets.xcassets */ = {isa = PBXFileReference; lastKnownFileType = folder.assetcatalog; path = Assets.xcassets; sourceTree = "<group>"; };
		6485A81D2C05B4E300364094 /* Base */ = {isa = PBXFileReference; lastKnownFileType = file.storyboard; name = Base; path = Base.lproj/LaunchScreen.storyboard; sourceTree = "<group>"; };
		6485A81F2C05B4E300364094 /* Info.plist */ = {isa = PBXFileReference; lastKnownFileType = text.plist.xml; path = Info.plist; sourceTree = "<group>"; };
		6485A82B2C05B61200364094 /* RMLocation.swift */ = {isa = PBXFileReference; lastKnownFileType = sourcecode.swift; path = RMLocation.swift; sourceTree = "<group>"; };
		6485A82D2C05B61A00364094 /* RMCharacter.swift */ = {isa = PBXFileReference; lastKnownFileType = sourcecode.swift; path = RMCharacter.swift; sourceTree = "<group>"; };
		6485A82F2C05B62600364094 /* RMEpisode.swift */ = {isa = PBXFileReference; lastKnownFileType = sourcecode.swift; path = RMEpisode.swift; sourceTree = "<group>"; };
		6485A83B2C05BBE200364094 /* RMCharacterViewController.swift */ = {isa = PBXFileReference; lastKnownFileType = sourcecode.swift; path = RMCharacterViewController.swift; sourceTree = "<group>"; };
		6485A83D2C05BC0C00364094 /* RMEpisodeViewController.swift */ = {isa = PBXFileReference; lastKnownFileType = sourcecode.swift; path = RMEpisodeViewController.swift; sourceTree = "<group>"; };
		6485A83F2C05BC1800364094 /* RMLocationViewController.swift */ = {isa = PBXFileReference; lastKnownFileType = sourcecode.swift; path = RMLocationViewController.swift; sourceTree = "<group>"; };
		6485A8412C05BC2200364094 /* RMSettingViewController.swift */ = {isa = PBXFileReference; lastKnownFileType = sourcecode.swift; path = RMSettingViewController.swift; sourceTree = "<group>"; };
		6485A8432C05C71800364094 /* RMService.swift */ = {isa = PBXFileReference; lastKnownFileType = sourcecode.swift; path = RMService.swift; sourceTree = "<group>"; };
		6485A8452C05C72100364094 /* RMRequest.swift */ = {isa = PBXFileReference; lastKnownFileType = sourcecode.swift; path = RMRequest.swift; sourceTree = "<group>"; };
		6485A8472C05C7E400364094 /* RMEndpoint.swift */ = {isa = PBXFileReference; lastKnownFileType = sourcecode.swift; path = RMEndpoint.swift; sourceTree = "<group>"; };
		6488246D2C0EF2B7003C01A6 /* RMGetAllCharactersResponse.swift */ = {isa = PBXFileReference; lastKnownFileType = sourcecode.swift; path = RMGetAllCharactersResponse.swift; sourceTree = "<group>"; };
/* End PBXFileReference section */

/* Begin PBXFrameworksBuildPhase section */
		6485A80B2C05B4E100364094 /* Frameworks */ = {
			isa = PBXFrameworksBuildPhase;
			buildActionMask = 2147483647;
			files = (
			);
			runOnlyForDeploymentPostprocessing = 0;
		};
/* End PBXFrameworksBuildPhase section */

/* Begin PBXGroup section */
		6485A8052C05B4E000364094 = {
			isa = PBXGroup;
			children = (
				6485A8102C05B4E100364094 /* RickAndMorthy */,
				6485A80F2C05B4E100364094 /* Products */,
			);
			sourceTree = "<group>";
		};
		6485A80F2C05B4E100364094 /* Products */ = {
			isa = PBXGroup;
			children = (
				6485A80E2C05B4E100364094 /* RickAndMorthy.app */,
			);
			name = Products;
			sourceTree = "<group>";
		};
		6485A8102C05B4E100364094 /* RickAndMorthy */ = {
			isa = PBXGroup;
			children = (
				6485A8252C05B57000364094 /* Resources */,
				6485A8262C05B57900364094 /* Managers */,
				6485A8272C05B58A00364094 /* APIClient */,
				6485A8282C05B59D00364094 /* ViewModels */,
				6485A8292C05B5A900364094 /* Views */,
				6485A82A2C05B5B000364094 /* Models */,
				6485A8312C05B71B00364094 /* Controllers */,
				6485A81F2C05B4E300364094 /* Info.plist */,
			);
			path = RickAndMorthy;
			sourceTree = "<group>";
		};
		6485A8252C05B57000364094 /* Resources */ = {
			isa = PBXGroup;
			children = (
				6485A8112C05B4E100364094 /* AppDelegate.swift */,
				6485A8132C05B4E100364094 /* SceneDelegate.swift */,
				6485A81A2C05B4E300364094 /* Assets.xcassets */,
				6485A81C2C05B4E300364094 /* LaunchScreen.storyboard */,
			);
			path = Resources;
			sourceTree = "<group>";
		};
		6485A8262C05B57900364094 /* Managers */ = {
			isa = PBXGroup;
			children = (
			);
			path = Managers;
			sourceTree = "<group>";
		};
		6485A8272C05B58A00364094 /* APIClient */ = {
			isa = PBXGroup;
			children = (
				6485A8432C05C71800364094 /* RMService.swift */,
				6485A8452C05C72100364094 /* RMRequest.swift */,
				6485A8472C05C7E400364094 /* RMEndpoint.swift */,
			);
			path = APIClient;
			sourceTree = "<group>";
		};
		6485A8282C05B59D00364094 /* ViewModels */ = {
			isa = PBXGroup;
			children = (
			);
			path = ViewModels;
			sourceTree = "<group>";
		};
		6485A8292C05B5A900364094 /* Views */ = {
			isa = PBXGroup;
			children = (
			);
			path = Views;
			sourceTree = "<group>";
		};
		6485A82A2C05B5B000364094 /* Models */ = {
			isa = PBXGroup;
			children = (
				6488246C2C0EEEF5003C01A6 /* APIResponseTypes */,
				6488246B2C0EEEE5003C01A6 /* DataTypes */,
			);
			path = Models;
			sourceTree = "<group>";
		};
		6485A8312C05B71B00364094 /* Controllers */ = {
			isa = PBXGroup;
			children = (
				6485A8322C05B72700364094 /* Core */,
			);
			path = Controllers;
			sourceTree = "<group>";
		};
		6485A8322C05B72700364094 /* Core */ = {
			isa = PBXGroup;
			children = (
				6485A8152C05B4E100364094 /* RMTabBarViewController.swift */,
				6485A83B2C05BBE200364094 /* RMCharacterViewController.swift */,
				6485A83D2C05BC0C00364094 /* RMEpisodeViewController.swift */,
				6485A83F2C05BC1800364094 /* RMLocationViewController.swift */,
				6485A8412C05BC2200364094 /* RMSettingViewController.swift */,
			);
			path = Core;
			sourceTree = "<group>";
		};
		6488246B2C0EEEE5003C01A6 /* DataTypes */ = {
			isa = PBXGroup;
			children = (
				6485A82B2C05B61200364094 /* RMLocation.swift */,
				6485A82D2C05B61A00364094 /* RMCharacter.swift */,
				6485A82F2C05B62600364094 /* RMEpisode.swift */,
			);
			path = DataTypes;
			sourceTree = "<group>";
		};
		6488246C2C0EEEF5003C01A6 /* APIResponseTypes */ = {
			isa = PBXGroup;
			children = (
				6488246D2C0EF2B7003C01A6 /* RMGetAllCharactersResponse.swift */,
			);
			path = APIResponseTypes;
			sourceTree = "<group>";
		};
/* End PBXGroup section */

/* Begin PBXNativeTarget section */
		6485A80D2C05B4E100364094 /* RickAndMorthy */ = {
			isa = PBXNativeTarget;
			buildConfigurationList = 6485A8222C05B4E300364094 /* Build configuration list for PBXNativeTarget "RickAndMorthy" */;
			buildPhases = (
				6485A80A2C05B4E100364094 /* Sources */,
				6485A80B2C05B4E100364094 /* Frameworks */,
				6485A80C2C05B4E100364094 /* Resources */,
			);
			buildRules = (
			);
			dependencies = (
			);
			name = RickAndMorthy;
			productName = RickAndMorthy;
			productReference = 6485A80E2C05B4E100364094 /* RickAndMorthy.app */;
			productType = "com.apple.product-type.application";
		};
/* End PBXNativeTarget section */

/* Begin PBXProject section */
		6485A8062C05B4E000364094 /* Project object */ = {
			isa = PBXProject;
			attributes = {
				BuildIndependentTargetsInParallel = 1;
				LastSwiftUpdateCheck = 1500;
				LastUpgradeCheck = 1500;
				TargetAttributes = {
					6485A80D2C05B4E100364094 = {
						CreatedOnToolsVersion = 15.0;
					};
				};
			};
			buildConfigurationList = 6485A8092C05B4E000364094 /* Build configuration list for PBXProject "RickAndMorthy" */;
			compatibilityVersion = "Xcode 14.0";
			developmentRegion = en;
			hasScannedForEncodings = 0;
			knownRegions = (
				en,
				Base,
			);
			mainGroup = 6485A8052C05B4E000364094;
			productRefGroup = 6485A80F2C05B4E100364094 /* Products */;
			projectDirPath = "";
			projectRoot = "";
			targets = (
				6485A80D2C05B4E100364094 /* RickAndMorthy */,
			);
		};
/* End PBXProject section */

/* Begin PBXResourcesBuildPhase section */
		6485A80C2C05B4E100364094 /* Resources */ = {
			isa = PBXResourcesBuildPhase;
			buildActionMask = 2147483647;
			files = (
				6485A81E2C05B4E300364094 /* LaunchScreen.storyboard in Resources */,
				6485A81B2C05B4E300364094 /* Assets.xcassets in Resources */,
			);
			runOnlyForDeploymentPostprocessing = 0;
		};
/* End PBXResourcesBuildPhase section */

/* Begin PBXSourcesBuildPhase section */
		6485A80A2C05B4E100364094 /* Sources */ = {
			isa = PBXSourcesBuildPhase;
			buildActionMask = 2147483647;
			files = (
				6485A8402C05BC1800364094 /* RMLocationViewController.swift in Sources */,
				6485A8302C05B62600364094 /* RMEpisode.swift in Sources */,
				6485A8162C05B4E100364094 /* RMTabBarViewController.swift in Sources */,
				6485A8122C05B4E100364094 /* AppDelegate.swift in Sources */,
				6488246E2C0EF2B7003C01A6 /* RMGetAllCharactersResponse.swift in Sources */,
				6485A8422C05BC2200364094 /* RMSettingViewController.swift in Sources */,
				6485A8142C05B4E100364094 /* SceneDelegate.swift in Sources */,
				6485A82C2C05B61200364094 /* RMLocation.swift in Sources */,
				6485A8442C05C71800364094 /* RMService.swift in Sources */,
				6485A82E2C05B61A00364094 /* RMCharacter.swift in Sources */,
				6485A8482C05C7E400364094 /* RMEndpoint.swift in Sources */,
				6485A83C2C05BBE200364094 /* RMCharacterViewController.swift in Sources */,
				6485A8462C05C72100364094 /* RMRequest.swift in Sources */,
				6485A83E2C05BC0C00364094 /* RMEpisodeViewController.swift in Sources */,
			);
			runOnlyForDeploymentPostprocessing = 0;
		};
/* End PBXSourcesBuildPhase section */

/* Begin PBXVariantGroup section */
		6485A81C2C05B4E300364094 /* LaunchScreen.storyboard */ = {
			isa = PBXVariantGroup;
			children = (
				6485A81D2C05B4E300364094 /* Base */,
			);
			name = LaunchScreen.storyboard;
			sourceTree = "<group>";
		};
/* End PBXVariantGroup section */

/* Begin XCBuildConfiguration section */
		6485A8202C05B4E300364094 /* Debug */ = {
			isa = XCBuildConfiguration;
			buildSettings = {
				ALWAYS_SEARCH_USER_PATHS = NO;
				ASSETCATALOG_COMPILER_GENERATE_SWIFT_ASSET_SYMBOL_EXTENSIONS = YES;
				CLANG_ANALYZER_NONNULL = YES;
				CLANG_ANALYZER_NUMBER_OBJECT_CONVERSION = YES_AGGRESSIVE;
				CLANG_CXX_LANGUAGE_STANDARD = "gnu++20";
				CLANG_ENABLE_MODULES = YES;
				CLANG_ENABLE_OBJC_ARC = YES;
				CLANG_ENABLE_OBJC_WEAK = YES;
				CLANG_WARN_BLOCK_CAPTURE_AUTORELEASING = YES;
				CLANG_WARN_BOOL_CONVERSION = YES;
				CLANG_WARN_COMMA = YES;
				CLANG_WARN_CONSTANT_CONVERSION = YES;
				CLANG_WARN_DEPRECATED_OBJC_IMPLEMENTATIONS = YES;
				CLANG_WARN_DIRECT_OBJC_ISA_USAGE = YES_ERROR;
				CLANG_WARN_DOCUMENTATION_COMMENTS = YES;
				CLANG_WARN_EMPTY_BODY = YES;
				CLANG_WARN_ENUM_CONVERSION = YES;
				CLANG_WARN_INFINITE_RECURSION = YES;
				CLANG_WARN_INT_CONVERSION = YES;
				CLANG_WARN_NON_LITERAL_NULL_CONVERSION = YES;
				CLANG_WARN_OBJC_IMPLICIT_RETAIN_SELF = YES;
				CLANG_WARN_OBJC_LITERAL_CONVERSION = YES;
				CLANG_WARN_OBJC_ROOT_CLASS = YES_ERROR;
				CLANG_WARN_QUOTED_INCLUDE_IN_FRAMEWORK_HEADER = YES;
				CLANG_WARN_RANGE_LOOP_ANALYSIS = YES;
				CLANG_WARN_STRICT_PROTOTYPES = YES;
				CLANG_WARN_SUSPICIOUS_MOVE = YES;
				CLANG_WARN_UNGUARDED_AVAILABILITY = YES_AGGRESSIVE;
				CLANG_WARN_UNREACHABLE_CODE = YES;
				CLANG_WARN__DUPLICATE_METHOD_MATCH = YES;
				COPY_PHASE_STRIP = NO;
				DEBUG_INFORMATION_FORMAT = dwarf;
				ENABLE_STRICT_OBJC_MSGSEND = YES;
				ENABLE_TESTABILITY = YES;
				ENABLE_USER_SCRIPT_SANDBOXING = YES;
				GCC_C_LANGUAGE_STANDARD = gnu17;
				GCC_DYNAMIC_NO_PIC = NO;
				GCC_NO_COMMON_BLOCKS = YES;
				GCC_OPTIMIZATION_LEVEL = 0;
				GCC_PREPROCESSOR_DEFINITIONS = (
					"DEBUG=1",
					"$(inherited)",
				);
				GCC_WARN_64_TO_32_BIT_CONVERSION = YES;
				GCC_WARN_ABOUT_RETURN_TYPE = YES_ERROR;
				GCC_WARN_UNDECLARED_SELECTOR = YES;
				GCC_WARN_UNINITIALIZED_AUTOS = YES_AGGRESSIVE;
				GCC_WARN_UNUSED_FUNCTION = YES;
				GCC_WARN_UNUSED_VARIABLE = YES;
				IPHONEOS_DEPLOYMENT_TARGET = 17.0;
				LOCALIZATION_PREFERS_STRING_CATALOGS = YES;
				MTL_ENABLE_DEBUG_INFO = INCLUDE_SOURCE;
				MTL_FAST_MATH = YES;
				ONLY_ACTIVE_ARCH = YES;
				SDKROOT = iphoneos;
				SWIFT_ACTIVE_COMPILATION_CONDITIONS = "DEBUG $(inherited)";
				SWIFT_OPTIMIZATION_LEVEL = "-Onone";
			};
			name = Debug;
		};
		6485A8212C05B4E300364094 /* Release */ = {
			isa = XCBuildConfiguration;
			buildSettings = {
				ALWAYS_SEARCH_USER_PATHS = NO;
				ASSETCATALOG_COMPILER_GENERATE_SWIFT_ASSET_SYMBOL_EXTENSIONS = YES;
				CLANG_ANALYZER_NONNULL = YES;
				CLANG_ANALYZER_NUMBER_OBJECT_CONVERSION = YES_AGGRESSIVE;
				CLANG_CXX_LANGUAGE_STANDARD = "gnu++20";
				CLANG_ENABLE_MODULES = YES;
				CLANG_ENABLE_OBJC_ARC = YES;
				CLANG_ENABLE_OBJC_WEAK = YES;
				CLANG_WARN_BLOCK_CAPTURE_AUTORELEASING = YES;
				CLANG_WARN_BOOL_CONVERSION = YES;
				CLANG_WARN_COMMA = YES;
				CLANG_WARN_CONSTANT_CONVERSION = YES;
				CLANG_WARN_DEPRECATED_OBJC_IMPLEMENTATIONS = YES;
				CLANG_WARN_DIRECT_OBJC_ISA_USAGE = YES_ERROR;
				CLANG_WARN_DOCUMENTATION_COMMENTS = YES;
				CLANG_WARN_EMPTY_BODY = YES;
				CLANG_WARN_ENUM_CONVERSION = YES;
				CLANG_WARN_INFINITE_RECURSION = YES;
				CLANG_WARN_INT_CONVERSION = YES;
				CLANG_WARN_NON_LITERAL_NULL_CONVERSION = YES;
				CLANG_WARN_OBJC_IMPLICIT_RETAIN_SELF = YES;
				CLANG_WARN_OBJC_LITERAL_CONVERSION = YES;
				CLANG_WARN_OBJC_ROOT_CLASS = YES_ERROR;
				CLANG_WARN_QUOTED_INCLUDE_IN_FRAMEWORK_HEADER = YES;
				CLANG_WARN_RANGE_LOOP_ANALYSIS = YES;
				CLANG_WARN_STRICT_PROTOTYPES = YES;
				CLANG_WARN_SUSPICIOUS_MOVE = YES;
				CLANG_WARN_UNGUARDED_AVAILABILITY = YES_AGGRESSIVE;
				CLANG_WARN_UNREACHABLE_CODE = YES;
				CLANG_WARN__DUPLICATE_METHOD_MATCH = YES;
				COPY_PHASE_STRIP = NO;
				DEBUG_INFORMATION_FORMAT = "dwarf-with-dsym";
				ENABLE_NS_ASSERTIONS = NO;
				ENABLE_STRICT_OBJC_MSGSEND = YES;
				ENABLE_USER_SCRIPT_SANDBOXING = YES;
				GCC_C_LANGUAGE_STANDARD = gnu17;
				GCC_NO_COMMON_BLOCKS = YES;
				GCC_WARN_64_TO_32_BIT_CONVERSION = YES;
				GCC_WARN_ABOUT_RETURN_TYPE = YES_ERROR;
				GCC_WARN_UNDECLARED_SELECTOR = YES;
				GCC_WARN_UNINITIALIZED_AUTOS = YES_AGGRESSIVE;
				GCC_WARN_UNUSED_FUNCTION = YES;
				GCC_WARN_UNUSED_VARIABLE = YES;
				IPHONEOS_DEPLOYMENT_TARGET = 17.0;
				LOCALIZATION_PREFERS_STRING_CATALOGS = YES;
				MTL_ENABLE_DEBUG_INFO = NO;
				MTL_FAST_MATH = YES;
				SDKROOT = iphoneos;
				SWIFT_COMPILATION_MODE = wholemodule;
				VALIDATE_PRODUCT = YES;
			};
			name = Release;
		};
		6485A8232C05B4E300364094 /* Debug */ = {
			isa = XCBuildConfiguration;
			buildSettings = {
				ASSETCATALOG_COMPILER_APPICON_NAME = AppIcon;
				ASSETCATALOG_COMPILER_GLOBAL_ACCENT_COLOR_NAME = AccentColor;
				CODE_SIGN_STYLE = Automatic;
				CURRENT_PROJECT_VERSION = 1;
				DEVELOPMENT_TEAM = W6988R58JS;
				GENERATE_INFOPLIST_FILE = YES;
				INFOPLIST_FILE = RickAndMorthy/Info.plist;
				INFOPLIST_KEY_UIApplicationSupportsIndirectInputEvents = YES;
				INFOPLIST_KEY_UILaunchStoryboardName = LaunchScreen;
				INFOPLIST_KEY_UISupportedInterfaceOrientations_iPad = "UIInterfaceOrientationPortrait UIInterfaceOrientationPortraitUpsideDown UIInterfaceOrientationLandscapeLeft UIInterfaceOrientationLandscapeRight";
				INFOPLIST_KEY_UISupportedInterfaceOrientations_iPhone = "UIInterfaceOrientationPortrait UIInterfaceOrientationLandscapeLeft UIInterfaceOrientationLandscapeRight";
				LD_RUNPATH_SEARCH_PATHS = (
					"$(inherited)",
					"@executable_path/Frameworks",
				);
				MARKETING_VERSION = 1.0;
				PRODUCT_BUNDLE_IDENTIFIER = "com.softwaremediainnovation.EATS-Coba-467.RickAndMorthy";
				PRODUCT_NAME = "$(TARGET_NAME)";
				SWIFT_EMIT_LOC_STRINGS = YES;
				SWIFT_VERSION = 5.0;
				TARGETED_DEVICE_FAMILY = "1,2";
			};
			name = Debug;
		};
		6485A8242C05B4E300364094 /* Release */ = {
			isa = XCBuildConfiguration;
			buildSettings = {
				ASSETCATALOG_COMPILER_APPICON_NAME = AppIcon;
				ASSETCATALOG_COMPILER_GLOBAL_ACCENT_COLOR_NAME = AccentColor;
				CODE_SIGN_STYLE = Automatic;
				CURRENT_PROJECT_VERSION = 1;
				DEVELOPMENT_TEAM = W6988R58JS;
				GENERATE_INFOPLIST_FILE = YES;
				INFOPLIST_FILE = RickAndMorthy/Info.plist;
				INFOPLIST_KEY_UIApplicationSupportsIndirectInputEvents = YES;
				INFOPLIST_KEY_UILaunchStoryboardName = LaunchScreen;
				INFOPLIST_KEY_UISupportedInterfaceOrientations_iPad = "UIInterfaceOrientationPortrait UIInterfaceOrientationPortraitUpsideDown UIInterfaceOrientationLandscapeLeft UIInterfaceOrientationLandscapeRight";
				INFOPLIST_KEY_UISupportedInterfaceOrientations_iPhone = "UIInterfaceOrientationPortrait UIInterfaceOrientationLandscapeLeft UIInterfaceOrientationLandscapeRight";
				LD_RUNPATH_SEARCH_PATHS = (
					"$(inherited)",
					"@executable_path/Frameworks",
				);
				MARKETING_VERSION = 1.0;
				PRODUCT_BUNDLE_IDENTIFIER = "com.softwaremediainnovation.EATS-Coba-467.RickAndMorthy";
				PRODUCT_NAME = "$(TARGET_NAME)";
				SWIFT_EMIT_LOC_STRINGS = YES;
				SWIFT_VERSION = 5.0;
				TARGETED_DEVICE_FAMILY = "1,2";
			};
			name = Release;
		};
/* End XCBuildConfiguration section */

/* Begin XCConfigurationList section */
		6485A8092C05B4E000364094 /* Build configuration list for PBXProject "RickAndMorthy" */ = {
			isa = XCConfigurationList;
			buildConfigurations = (
				6485A8202C05B4E300364094 /* Debug */,
				6485A8212C05B4E300364094 /* Release */,
			);
			defaultConfigurationIsVisible = 0;
			defaultConfigurationName = Release;
		};
		6485A8222C05B4E300364094 /* Build configuration list for PBXNativeTarget "RickAndMorthy" */ = {
			isa = XCConfigurationList;
			buildConfigurations = (
				6485A8232C05B4E300364094 /* Debug */,
				6485A8242C05B4E300364094 /* Release */,
			);
			defaultConfigurationIsVisible = 0;
			defaultConfigurationName = Release;
		};
/* End XCConfigurationList section */
	};
	rootObject = 6485A8062C05B4E000364094 /* Project object */;
}
